// !$*UTF8*$!
{
	archiveVersion = 1;
	classes = {
	};
	objectVersion = 46;
	objects = {

/* Begin PBXBuildFile section */
		38F314241F39570800A5FF81 /* main.cpp in Sources */ = {isa = PBXBuildFile; fileRef = 38F314231F39570800A5FF81 /* main.cpp */; };
		38F3142B1F395AD300A5FF81 /* OpenGL.framework in Frameworks */ = {isa = PBXBuildFile; fileRef = 38F3142A1F395AD300A5FF81 /* OpenGL.framework */; };
		38F3142D1F395BE800A5FF81 /* libGLEW.2.1.0.dylib in Frameworks */ = {isa = PBXBuildFile; fileRef = 38F3142C1F395BE800A5FF81 /* libGLEW.2.1.0.dylib */; };
		38F3142F1F395C2000A5FF81 /* libglfw.3.2.dylib in Frameworks */ = {isa = PBXBuildFile; fileRef = 38F3142E1F395C2000A5FF81 /* libglfw.3.2.dylib */; };
		38F314321F3BDB5E00A5FF81 /* gl_utils.cpp in Sources */ = {isa = PBXBuildFile; fileRef = 38F314301F3BDB5E00A5FF81 /* gl_utils.cpp */; settings = {ASSET_TAGS = (); }; };
		38F314351F3D40A100A5FF81 /* stb_image.cpp in Sources */ = {isa = PBXBuildFile; fileRef = 38F314341F3D40A100A5FF81 /* stb_image.cpp */; settings = {ASSET_TAGS = (); }; };
/* End PBXBuildFile section */

/* Begin PBXCopyFilesBuildPhase section */
		38F3141E1F39570800A5FF81 /* CopyFiles */ = {
			isa = PBXCopyFilesBuildPhase;
			buildActionMask = 2147483647;
			dstPath = /usr/share/man/man1/;
			dstSubfolderSpec = 0;
			files = (
			);
			runOnlyForDeploymentPostprocessing = 1;
		};
/* End PBXCopyFilesBuildPhase section */

/* Begin PBXFileReference section */
		38F314201F39570800A5FF81 /* opengl_play01 */ = {isa = PBXFileReference; explicitFileType = "compiled.mach-o.executable"; includeInIndex = 0; path = opengl_play01; sourceTree = BUILT_PRODUCTS_DIR; };
		38F314231F39570800A5FF81 /* main.cpp */ = {isa = PBXFileReference; lastKnownFileType = sourcecode.cpp.cpp; path = main.cpp; sourceTree = "<group>"; };
		38F3142A1F395AD300A5FF81 /* OpenGL.framework */ = {isa = PBXFileReference; lastKnownFileType = wrapper.framework; name = OpenGL.framework; path = System/Library/Frameworks/OpenGL.framework; sourceTree = SDKROOT; };
		38F3142C1F395BE800A5FF81 /* libGLEW.2.1.0.dylib */ = {isa = PBXFileReference; lastKnownFileType = "compiled.mach-o.dylib"; name = libGLEW.2.1.0.dylib; path = ../../../../usr/local/Cellar/glew/2.1.0/lib/libGLEW.2.1.0.dylib; sourceTree = "<group>"; };
		38F3142E1F395C2000A5FF81 /* libglfw.3.2.dylib */ = {isa = PBXFileReference; lastKnownFileType = "compiled.mach-o.dylib"; name = libglfw.3.2.dylib; path = ../../../../usr/local/Cellar/glfw/3.2.1/lib/libglfw.3.2.dylib; sourceTree = "<group>"; };
		38F314301F3BDB5E00A5FF81 /* gl_utils.cpp */ = {isa = PBXFileReference; fileEncoding = 4; lastKnownFileType = sourcecode.cpp.cpp; path = gl_utils.cpp; sourceTree = "<group>"; };
		38F314331F3BDBC900A5FF81 /* gl_utils.h */ = {isa = PBXFileReference; fileEncoding = 4; lastKnownFileType = sourcecode.c.h; path = gl_utils.h; sourceTree = "<group>"; };
		38F314341F3D40A100A5FF81 /* stb_image.cpp */ = {isa = PBXFileReference; fileEncoding = 4; lastKnownFileType = sourcecode.cpp.cpp; path = stb_image.cpp; sourceTree = "<group>"; };
/* End PBXFileReference section */

/* Begin PBXFrameworksBuildPhase section */
		38F3141D1F39570800A5FF81 /* Frameworks */ = {
			isa = PBXFrameworksBuildPhase;
			buildActionMask = 2147483647;
			files = (
				38F3142F1F395C2000A5FF81 /* libglfw.3.2.dylib in Frameworks */,
				38F3142D1F395BE800A5FF81 /* libGLEW.2.1.0.dylib in Frameworks */,
				38F3142B1F395AD300A5FF81 /* OpenGL.framework in Frameworks */,
			);
			runOnlyForDeploymentPostprocessing = 0;
		};
/* End PBXFrameworksBuildPhase section */

/* Begin PBXGroup section */
		38F314171F39570800A5FF81 = {
			isa = PBXGroup;
			children = (
				38F3142E1F395C2000A5FF81 /* libglfw.3.2.dylib */,
				38F3142C1F395BE800A5FF81 /* libGLEW.2.1.0.dylib */,
				38F3142A1F395AD300A5FF81 /* OpenGL.framework */,
				38F314221F39570800A5FF81 /* opengl_play01 */,
				38F314211F39570800A5FF81 /* Products */,
			);
			sourceTree = "<group>";
		};
		38F314211F39570800A5FF81 /* Products */ = {
			isa = PBXGroup;
			children = (
				38F314201F39570800A5FF81 /* opengl_play01 */,
			);
			name = Products;
			sourceTree = "<group>";
		};
		38F314221F39570800A5FF81 /* opengl_play01 */ = {
			isa = PBXGroup;
			children = (
				38F314341F3D40A100A5FF81 /* stb_image.cpp */,
				38F314331F3BDBC900A5FF81 /* gl_utils.h */,
				38F314231F39570800A5FF81 /* main.cpp */,
				38F314301F3BDB5E00A5FF81 /* gl_utils.cpp */,
			);
			path = opengl_play01;
			sourceTree = "<group>";
		};
/* End PBXGroup section */

/* Begin PBXNativeTarget section */
		38F3141F1F39570800A5FF81 /* opengl_play01 */ = {
			isa = PBXNativeTarget;
			buildConfigurationList = 38F314271F39570800A5FF81 /* Build configuration list for PBXNativeTarget "opengl_play01" */;
			buildPhases = (
				38F3141C1F39570800A5FF81 /* Sources */,
				38F3141D1F39570800A5FF81 /* Frameworks */,
				38F3141E1F39570800A5FF81 /* CopyFiles */,
			);
			buildRules = (
			);
			dependencies = (
			);
			name = opengl_play01;
			productName = opengl_play01;
			productReference = 38F314201F39570800A5FF81 /* opengl_play01 */;
			productType = "com.apple.product-type.tool";
		};
/* End PBXNativeTarget section */

/* Begin PBXProject section */
		38F314181F39570800A5FF81 /* Project object */ = {
			isa = PBXProject;
			attributes = {
				LastUpgradeCheck = 0700;
				ORGANIZATIONNAME = "Brian Lee";
				TargetAttributes = {
					38F3141F1F39570800A5FF81 = {
						CreatedOnToolsVersion = 7.0;
					};
				};
			};
			buildConfigurationList = 38F3141B1F39570800A5FF81 /* Build configuration list for PBXProject "opengl_play01" */;
			compatibilityVersion = "Xcode 3.2";
			developmentRegion = English;
			hasScannedForEncodings = 0;
			knownRegions = (
				en,
			);
			mainGroup = 38F314171F39570800A5FF81;
			productRefGroup = 38F314211F39570800A5FF81 /* Products */;
			projectDirPath = "";
			projectRoot = "";
			targets = (
				38F3141F1F39570800A5FF81 /* opengl_play01 */,
			);
		};
/* End PBXProject section */

/* Begin PBXSourcesBuildPhase section */
		38F3141C1F39570800A5FF81 /* Sources */ = {
			isa = PBXSourcesBuildPhase;
			buildActionMask = 2147483647;
			files = (
				38F314351F3D40A100A5FF81 /* stb_image.cpp in Sources */,
				38F314241F39570800A5FF81 /* main.cpp in Sources */,
				38F314321F3BDB5E00A5FF81 /* gl_utils.cpp in Sources */,
			);
			runOnlyForDeploymentPostprocessing = 0;
		};
/* End PBXSourcesBuildPhase section */

/* Begin XCBuildConfiguration section */
		38F314251F39570800A5FF81 /* Debug */ = {
			isa = XCBuildConfiguration;
			buildSettings = {
				ALWAYS_SEARCH_USER_PATHS = NO;
				CLANG_CXX_LANGUAGE_STANDARD = "gnu++0x";
				CLANG_CXX_LIBRARY = "libc++";
				CLANG_ENABLE_MODULES = YES;
				CLANG_ENABLE_OBJC_ARC = YES;
				CLANG_WARN_BOOL_CONVERSION = YES;
				CLANG_WARN_CONSTANT_CONVERSION = YES;
				CLANG_WARN_DIRECT_OBJC_ISA_USAGE = YES_ERROR;
				CLANG_WARN_EMPTY_BODY = YES;
				CLANG_WARN_ENUM_CONVERSION = YES;
				CLANG_WARN_INT_CONVERSION = YES;
				CLANG_WARN_OBJC_ROOT_CLASS = YES_ERROR;
				CLANG_WARN_UNREACHABLE_CODE = YES;
				CLANG_WARN__DUPLICATE_METHOD_MATCH = YES;
				COPY_PHASE_STRIP = NO;
				DEBUG_INFORMATION_FORMAT = dwarf;
				ENABLE_STRICT_OBJC_MSGSEND = YES;
				ENABLE_TESTABILITY = YES;
				GCC_C_LANGUAGE_STANDARD = gnu99;
				GCC_DYNAMIC_NO_PIC = NO;
				GCC_NO_COMMON_BLOCKS = YES;
				GCC_OPTIMIZATION_LEVEL = 0;
				GCC_PREPROCESSOR_DEFINITIONS = (
					"DEBUG=1",
					"$(inherited)",
				);
				GCC_WARN_64_TO_32_BIT_CONVERSION = YES;
				GCC_WARN_ABOUT_RETURN_TYPE = YES_ERROR;
				GCC_WARN_UNDECLARED_SELECTOR = YES;
				GCC_WARN_UNINITIALIZED_AUTOS = YES_AGGRESSIVE;
				GCC_WARN_UNUSED_FUNCTION = YES;
				GCC_WARN_UNUSED_VARIABLE = YES;
				MACOSX_DEPLOYMENT_TARGET = 10.10;
				MTL_ENABLE_DEBUG_INFO = YES;
				ONLY_ACTIVE_ARCH = YES;
				SDKROOT = macosx;
			};
			name = Debug;
		};
		38F314261F39570800A5FF81 /* Release */ = {
			isa = XCBuildConfiguration;
			buildSettings = {
				ALWAYS_SEARCH_USER_PATHS = NO;
				CLANG_CXX_LANGUAGE_STANDARD = "gnu++0x";
				CLANG_CXX_LIBRARY = "libc++";
				CLANG_ENABLE_MODULES = YES;
				CLANG_ENABLE_OBJC_ARC = YES;
				CLANG_WARN_BOOL_CONVERSION = YES;
				CLANG_WARN_CONSTANT_CONVERSION = YES;
				CLANG_WARN_DIRECT_OBJC_ISA_USAGE = YES_ERROR;
				CLANG_WARN_EMPTY_BODY = YES;
				CLANG_WARN_ENUM_CONVERSION = YES;
				CLANG_WARN_INT_CONVERSION = YES;
				CLANG_WARN_OBJC_ROOT_CLASS = YES_ERROR;
				CLANG_WARN_UNREACHABLE_CODE = YES;
				CLANG_WARN__DUPLICATE_METHOD_MATCH = YES;
				COPY_PHASE_STRIP = NO;
				DEBUG_INFORMATION_FORMAT = "dwarf-with-dsym";
				ENABLE_NS_ASSERTIONS = NO;
				ENABLE_STRICT_OBJC_MSGSEND = YES;
				GCC_C_LANGUAGE_STANDARD = gnu99;
				GCC_NO_COMMON_BLOCKS = YES;
				GCC_WARN_64_TO_32_BIT_CONVERSION = YES;
				GCC_WARN_ABOUT_RETURN_TYPE = YES_ERROR;
				GCC_WARN_UNDECLARED_SELECTOR = YES;
				GCC_WARN_UNINITIALIZED_AUTOS = YES_AGGRESSIVE;
				GCC_WARN_UNUSED_FUNCTION = YES;
				GCC_WARN_UNUSED_VARIABLE = YES;
				MACOSX_DEPLOYMENT_TARGET = 10.10;
				MTL_ENABLE_DEBUG_INFO = NO;
				SDKROOT = macosx;
			};
			name = Release;
		};
		38F314281F39570800A5FF81 /* Debug */ = {
			isa = XCBuildConfiguration;
			buildSettings = {
				HEADER_SEARCH_PATHS = /usr/local/include;
				LIBRARY_SEARCH_PATHS = (
					/usr/local/Cellar/glew/2.1.0/lib,
					/usr/local/Cellar/glfw/3.2.1/lib,
				);
				PRODUCT_NAME = "$(TARGET_NAME)";
			};
			name = Debug;
		};
		38F314291F39570800A5FF81 /* Release */ = {
			isa = XCBuildConfiguration;
			buildSettings = {
				HEADER_SEARCH_PATHS = /usr/local/include;
				LIBRARY_SEARCH_PATHS = (
					/usr/local/Cellar/glew/2.1.0/lib,
					/usr/local/Cellar/glfw/3.2.1/lib,
				);
				PRODUCT_NAME = "$(TARGET_NAME)";
			};
			name = Release;
		};
/* End XCBuildConfiguration section */

/* Begin XCConfigurationList section */
		38F3141B1F39570800A5FF81 /* Build configuration list for PBXProject "opengl_play01" */ = {
			isa = XCConfigurationList;
			buildConfigurations = (
				38F314251F39570800A5FF81 /* Debug */,
				38F314261F39570800A5FF81 /* Release */,
			);
			defaultConfigurationIsVisible = 0;
			defaultConfigurationName = Release;
		};
		38F314271F39570800A5FF81 /* Build configuration list for PBXNativeTarget "opengl_play01" */ = {
			isa = XCConfigurationList;
			buildConfigurations = (
				38F314281F39570800A5FF81 /* Debug */,
				38F314291F39570800A5FF81 /* Release */,
			);
			defaultConfigurationIsVisible = 0;
			defaultConfigurationName = Release;
		};
/* End XCConfigurationList section */
	};
	rootObject = 38F314181F39570800A5FF81 /* Project object */;
}
